{
  "lockfile_version": "1",
  "packages": {
    "air@latest": {
      "last_modified": "2023-12-13T22:54:10Z",
      "resolved": "github:NixOS/nixpkgs/fd04bea4cbf76f86f244b9e2549fca066db8ddff#air",
      "source": "devbox-search",
      "version": "1.49.0",
      "systems": {
        "aarch64-darwin": {
          "store_path": "/nix/store/nzdwqnar9r4310jdzcz9j5pymhzqp97p-air-1.49.0"
        },
        "aarch64-linux": {
          "store_path": "/nix/store/j62wawhy56qw4cjih4rgb7w2dqf4j24b-air-1.49.0"
        },
        "x86_64-darwin": {
          "store_path": "/nix/store/92chvzmj8rmcz09ichh73wkgym916pxm-air-1.49.0"
        },
        "x86_64-linux": {
          "store_path": "/nix/store/jlxkzzswb5dhxxpmhciy869849ryf88i-air-1.49.0"
        }
      }
    },
    "curl@latest": {
      "last_modified": "2023-12-25T10:13:25Z",
      "resolved": "github:NixOS/nixpkgs/e1fa12d4f6c6fe19ccb59cac54b5b3f25e160870#curl",
      "source": "devbox-search",
      "version": "8.4.0",
      "systems": {
        "aarch64-darwin": {
          "store_path": "/nix/store/wnq7f4ysrjkyj58sly36rg01x98kh0qs-curl-8.4.0-bin"
        },
        "aarch64-linux": {
          "store_path": "/nix/store/llfg6h6cj2hv1zmnlg0xakqgdwirdi0c-curl-8.4.0-bin"
        },
        "x86_64-darwin": {
          "store_path": "/nix/store/nzxidvbc4i1hnxf5nqmj6lmba5habf58-curl-8.4.0-bin"
        },
        "x86_64-linux": {
          "store_path": "/nix/store/0mjq6w6cx1k9907vxm0k5pk7pm1ifib3-curl-8.4.0-bin"
        }
      }
    },
    "go_1_21@latest": {
      "last_modified": "2023-09-27T18:02:17Z",
      "resolved": "github:NixOS/nixpkgs/517501bcf14ae6ec47efd6a17dda0ca8e6d866f9#go_1_21",
      "source": "devbox-search",
      "version": "1.21.1",
      "systems": {
        "aarch64-darwin": {
          "store_path": "/nix/store/s1xk6hrfn0kw8ycvqbx4vv4gr00k6qpl-go-1.21.1"
        },
        "aarch64-linux": {
          "store_path": "/nix/store/id3ygqxp1hvbh7dyjlwngx53fvcpqg84-go-1.21.1"
        },
        "x86_64-darwin": {
          "store_path": "/nix/store/yn0g820ayb963s0i4nnw9pf72l49kkg0-go-1.21.1"
        },
        "x86_64-linux": {
          "store_path": "/nix/store/pvvv2lmx9m8b2n0447mljrl5xmla8r3h-go-1.21.1"
        }
      }
    },
    "nodePackages.prettier@latest": {
      "last_modified": "2023-12-13T22:54:10Z",
      "resolved": "github:NixOS/nixpkgs/fd04bea4cbf76f86f244b9e2549fca066db8ddff#nodePackages.prettier",
      "source": "devbox-search",
      "version": "3.1.0",
      "systems": {
        "aarch64-darwin": {
          "store_path": "/nix/store/38k1mahkcpy8iw461ym0sxxxq2kmbj4a-prettier-3.1.0"
        },
        "aarch64-linux": {
          "store_path": "/nix/store/lrml9pa6wi1lyk78cg846j0aayr7n5pm-prettier-3.1.0"
        },
        "x86_64-darwin": {
          "store_path": "/nix/store/xyzcaffhrc49hv6n6vznw64xy8dnn2xd-prettier-3.1.0"
        },
        "x86_64-linux": {
          "store_path": "/nix/store/00wh1y9nqnrp1h1rb0fphbkl5gfqch82-prettier-3.1.0"
        }
      }
    },
    "tailwindcss@latest": {
      "last_modified": "2023-12-13T22:54:10Z",
      "resolved": "github:NixOS/nixpkgs/fd04bea4cbf76f86f244b9e2549fca066db8ddff#tailwindcss",
      "source": "devbox-search",
      "version": "3.3.6",
      "systems": {
        "aarch64-darwin": {
          "store_path": "/nix/store/v09cmg9bjxcd68kfms1mz8kpihfnjzgh-tailwindcss-3.3.6"
        },
        "aarch64-linux": {
          "store_path": "/nix/store/mrgp6b4rj6p7jy7lbzdwfbllzm9q4k9n-tailwindcss-3.3.6"
        },
        "x86_64-darwin": {
          "store_path": "/nix/store/klgfnn2q0x4sfw31zlz6kdnlwhg6xpyx-tailwindcss-3.3.6"
        },
        "x86_64-linux": {
          "store_path": "/nix/store/6zxbdhzvnfwmzsac65ppjckg31shxm6c-tailwindcss-3.3.6"
        }
      }
    }
  }
}
